{
  "name": "shared",
  "version": "1.0.0",
  "lockfileVersion": 1,
  "requires": true,
  "dependencies": {
    "@babel/runtime": {
      "version": "7.7.6",
      "resolved": "https://registry.npmjs.org/@babel/runtime/-/runtime-7.7.6.tgz",
      "integrity": "sha512-BWAJxpNVa0QlE5gZdWjSxXtemZyZ9RmrmVozxt3NUXeZhVIJ5ANyqmMc0JDrivBZyxUuQvFxlvH4OWWOogGfUw==",
      "requires": {
        "regenerator-runtime": "^0.13.2"
      }
    },
    "@contentful/forma-36-react-components": {
      "version": "3.25.5",
      "resolved": "https://registry.npmjs.org/@contentful/forma-36-react-components/-/forma-36-react-components-3.25.5.tgz",
      "integrity": "sha512-SVKnk3to3ipgqq2rJh0pKvR8c2K/eRXTghtUrbXtQ2thWOtOg4zfiEteR7JfWlLUU5ewYJwtzNO1Ellq/pKiGA==",
      "requires": {
        "@babel/runtime": "^7.3.4",
        "classnames": "^2.2.6",
        "prop-types": "^15.7.2",
        "react-animate-height": "^2.0.7",
        "react-copy-to-clipboard": "^5.0.1",
        "react-modal": "3.6.1",
        "react-transition-group": "^2.4.0",
        "truncate": "^2.0.1"
      }
    },
    "classnames": {
      "version": "2.2.6",
      "resolved": "https://registry.npmjs.org/classnames/-/classnames-2.2.6.tgz",
      "integrity": "sha512-JR/iSQOSt+LQIWwrwEzJ9uk0xfN3mTVYMwt1Ir5mUcSN6pU+V4zQFFaJsclJbPuAUQH+yfWef6tm7l1quW3C8Q=="
    },
    "copy-to-clipboard": {
      "version": "3.2.0",
      "resolved": "https://registry.npmjs.org/copy-to-clipboard/-/copy-to-clipboard-3.2.0.tgz",
      "integrity": "sha512-eOZERzvCmxS8HWzugj4Uxl8OJxa7T2k1Gi0X5qavwydHIfuSHq2dTD09LOg/XyGq4Zpb5IsR/2OJ5lbOegz78w==",
      "requires": {
        "toggle-selection": "^1.0.6"
      }
    },
    "dom-helpers": {
      "version": "3.4.0",
      "resolved": "https://registry.npmjs.org/dom-helpers/-/dom-helpers-3.4.0.tgz",
      "integrity": "sha512-LnuPJ+dwqKDIyotW1VzmOZ5TONUN7CwkCR5hrgawTUbkBGYdeoNLZo6nNfGkCrjtE1nXXaj7iMMpDa8/d9WoIA==",
      "requires": {
        "@babel/runtime": "^7.1.2"
      }
    },
    "exenv": {
      "version": "1.2.2",
      "resolved": "https://registry.npmjs.org/exenv/-/exenv-1.2.2.tgz",
      "integrity": "sha1-KueOhdmJQVhnCwPUe+wfA72Ru50="
    },
    "js-tokens": {
      "version": "4.0.0",
      "resolved": "https://registry.npmjs.org/js-tokens/-/js-tokens-4.0.0.tgz",
      "integrity": "sha512-RdJUflcE3cUzKiMqQgsCu06FPu9UdIJO0beYbPhHN4k6apgJtifcoCtT9bcxOpYBtpD2kCM6Sbzg4CausW/PKQ=="
    },
    "loose-envify": {
      "version": "1.4.0",
      "resolved": "https://registry.npmjs.org/loose-envify/-/loose-envify-1.4.0.tgz",
      "integrity": "sha512-lyuxPGr/Wfhrlem2CL/UcnUc1zcqKAImBDzukY7Y5F/yQiNdko6+fRLevlw1HgMySw7f611UIY408EtxRSoK3Q==",
      "requires": {
        "js-tokens": "^3.0.0 || ^4.0.0"
      }
    },
    "object-assign": {
      "version": "4.1.1",
      "resolved": "https://registry.npmjs.org/object-assign/-/object-assign-4.1.1.tgz",
      "integrity": "sha1-IQmtx5ZYh8/AXLvUQsrIv7s2CGM="
    },
    "prop-types": {
      "version": "15.7.2",
      "resolved": "https://registry.npmjs.org/prop-types/-/prop-types-15.7.2.tgz",
      "integrity": "sha512-8QQikdH7//R2vurIJSutZ1smHYTcLpRWEOlHnzcWHmBYrOGUysKwSsrC89BCiFj3CbrfJ/nXFdJepOVrY1GCHQ==",
      "requires": {
        "loose-envify": "^1.4.0",
        "object-assign": "^4.1.1",
        "react-is": "^16.8.1"
      }
    },
    "react": {
      "version": "16.12.0",
      "resolved": "https://registry.npmjs.org/react/-/react-16.12.0.tgz",
      "integrity": "sha512-fglqy3k5E+81pA8s+7K0/T3DBCF0ZDOher1elBFzF7O6arXJgzyu/FW+COxFvAWXJoJN9KIZbT2LXlukwphYTA==",
      "requires": {
        "loose-envify": "^1.1.0",
        "object-assign": "^4.1.1",
        "prop-types": "^15.6.2"
      }
    },
    "react-animate-height": {
      "version": "2.0.17",
      "resolved": "https://registry.npmjs.org/react-animate-height/-/react-animate-height-2.0.17.tgz",
      "integrity": "sha512-cumTv/vCZ1MudkqXsLXGW6XO7EbGWIV0uZzkZVBf5HlHQ7n1GkbCsQl44SVo9nlA9/p+4XqWh4yn1Cc37Gri6A==",
      "requires": {
        "classnames": "^2.2.5",
        "prop-types": "^15.6.1"
      }
    },
    "react-copy-to-clipboard": {
      "version": "5.0.2",
      "resolved": "https://registry.npmjs.org/react-copy-to-clipboard/-/react-copy-to-clipboard-5.0.2.tgz",
      "integrity": "sha512-/2t5mLMMPuN5GmdXo6TebFa8IoFxZ+KTDDqYhcDm0PhkgEzSxVvIX26G20s1EB02A4h2UZgwtfymZ3lGJm0OLg==",
      "requires": {
        "copy-to-clipboard": "^3",
        "prop-types": "^15.5.8"
      }
    },
    "react-dom": {
      "version": "16.12.0",
      "resolved": "https://registry.npmjs.org/react-dom/-/react-dom-16.12.0.tgz",
      "integrity": "sha512-LMxFfAGrcS3kETtQaCkTKjMiifahaMySFDn71fZUNpPHZQEzmk/GiAeIT8JSOrHB23fnuCOMruL2a8NYlw+8Gw==",
      "requires": {
        "loose-envify": "^1.1.0",
        "object-assign": "^4.1.1",
        "prop-types": "^15.6.2",
        "scheduler": "^0.18.0"
      }
    },
    "react-is": {
      "version": "16.12.0",
      "resolved": "https://registry.npmjs.org/react-is/-/react-is-16.12.0.tgz",
      "integrity": "sha512-rPCkf/mWBtKc97aLL9/txD8DZdemK0vkA3JMLShjlJB3Pj3s+lpf1KaBzMfQrAmhMQB0n1cU/SUGgKKBCe837Q=="
    },
    "react-lifecycles-compat": {
      "version": "3.0.4",
      "resolved": "https://registry.npmjs.org/react-lifecycles-compat/-/react-lifecycles-compat-3.0.4.tgz",
      "integrity": "sha512-fBASbA6LnOU9dOU2eW7aQ8xmYBSXUIWr+UmF9b1efZBazGNO+rcXT/icdKnYm2pTwcRylVUYwW7H1PHfLekVzA=="
    },
    "react-modal": {
      "version": "3.6.1",
      "resolved": "https://registry.npmjs.org/react-modal/-/react-modal-3.6.1.tgz",
      "integrity": "sha512-vAhnawahH1fz8A5x/X/1X20KHMe6Q0mkfU5BKPgKSVPYhMhsxtRbNHSitsoJ7/oP27xZo3naZZlwYuuzuSO1xw==",
      "requires": {
        "exenv": "^1.2.0",
        "prop-types": "^15.5.10",
        "react-lifecycles-compat": "^3.0.0",
        "warning": "^3.0.0"
      }
    },
    "react-transition-group": {
      "version": "2.9.0",
      "resolved": "https://registry.npmjs.org/react-transition-group/-/react-transition-group-2.9.0.tgz",
      "integrity": "sha512-+HzNTCHpeQyl4MJ/bdE0u6XRMe9+XG/+aL4mCxVN4DnPBQ0/5bfHWPDuOZUzYdMj94daZaZdCCc1Dzt9R/xSSg==",
      "requires": {
        "dom-helpers": "^3.4.0",
        "loose-envify": "^1.4.0",
        "prop-types": "^15.6.2",
        "react-lifecycles-compat": "^3.0.4"
      }
    },
    "regenerator-runtime": {
      "version": "0.13.3",
      "resolved": "https://registry.npmjs.org/regenerator-runtime/-/regenerator-runtime-0.13.3.tgz",
      "integrity": "sha512-naKIZz2GQ8JWh///G7L3X6LaQUAMp2lvb1rvwwsURe/VXwD6VMfr+/1NuNw3ag8v2kY1aQ/go5SNn79O9JU7yw=="
    },
    "scheduler": {
      "version": "0.18.0",
      "resolved": "https://registry.npmjs.org/scheduler/-/scheduler-0.18.0.tgz",
      "integrity": "sha512-agTSHR1Nbfi6ulI0kYNK0203joW2Y5W4po4l+v03tOoiJKpTBbxpNhWDvqc/4IcOw+KLmSiQLTasZ4cab2/UWQ==",
      "requires": {
        "loose-envify": "^1.1.0",
        "object-assign": "^4.1.1"
      }
    },
    "toggle-selection": {
      "version": "1.0.6",
      "resolved": "https://registry.npmjs.org/toggle-selection/-/toggle-selection-1.0.6.tgz",
      "integrity": "sha1-bkWxJj8gF/oKzH2J14sVuL932jI="
    },
    "truncate": {
      "version": "2.1.0",
      "resolved": "https://registry.npmjs.org/truncate/-/truncate-2.1.0.tgz",
      "integrity": "sha512-em3E3SUDONOjTBcZ36DTm3RvDded3IRU9rX32oHwwXNt3rJD5MVaFlJTQvs8tJoHRoeYP36OuQ1eL/Q7bNEWIQ=="
    },
    "warning": {
      "version": "3.0.0",
      "resolved": "https://registry.npmjs.org/warning/-/warning-3.0.0.tgz",
      "integrity": "sha1-MuU3fLVy3kqwR1O9+IIcAe1gW3w=",
      "requires": {
        "loose-envify": "^1.0.0"
      }
    }
  }
}
